// !$*UTF8*$!
{
	archiveVersion = 1;
	classes = {
	};
	objectVersion = 46;
	objects = {

/* Begin PBXBuildFile section */
		3748F9F71E7997E20059BCFF /* AppDelegate.swift in Sources */ = {isa = PBXBuildFile; fileRef = 3748F9F61E7997E20059BCFF /* AppDelegate.swift */; };
		3748F9F91E7997E20059BCFF /* ViewController.swift in Sources */ = {isa = PBXBuildFile; fileRef = 3748F9F81E7997E20059BCFF /* ViewController.swift */; };
		3748F9FC1E7997E20059BCFF /* Main.storyboard in Resources */ = {isa = PBXBuildFile; fileRef = 3748F9FA1E7997E20059BCFF /* Main.storyboard */; };
		3748F9FE1E7997E20059BCFF /* Assets.xcassets in Resources */ = {isa = PBXBuildFile; fileRef = 3748F9FD1E7997E20059BCFF /* Assets.xcassets */; };
		3748FA011E7997E20059BCFF /* LaunchScreen.storyboard in Resources */ = {isa = PBXBuildFile; fileRef = 3748F9FF1E7997E20059BCFF /* LaunchScreen.storyboard */; };
/* End PBXBuildFile section */

/* Begin PBXFileReference section */
		3748F9F31E7997E20059BCFF /* Testing Firebase Login.app */ = {isa = PBXFileReference; explicitFileType = wrapper.application; includeInIndex = 0; path = "Testing Firebase Login.app"; sourceTree = BUILT_PRODUCTS_DIR; };
		3748F9F61E7997E20059BCFF /* AppDelegate.swift */ = {isa = PBXFileReference; lastKnownFileType = sourcecode.swift; path = AppDelegate.swift; sourceTree = "<group>"; };
		3748F9F81E7997E20059BCFF /* ViewController.swift */ = {isa = PBXFileReference; lastKnownFileType = sourcecode.swift; path = ViewController.swift; sourceTree = "<group>"; };
		3748F9FB1E7997E20059BCFF /* Base */ = {isa = PBXFileReference; lastKnownFileType = file.storyboard; name = Base; path = Base.lproj/Main.storyboard; sourceTree = "<group>"; };
		3748F9FD1E7997E20059BCFF /* Assets.xcassets */ = {isa = PBXFileReference; lastKnownFileType = folder.assetcatalog; path = Assets.xcassets; sourceTree = "<group>"; };
		3748FA001E7997E20059BCFF /* Base */ = {isa = PBXFileReference; lastKnownFileType = file.storyboard; name = Base; path = Base.lproj/LaunchScreen.storyboard; sourceTree = "<group>"; };
		3748FA021E7997E20059BCFF /* Info.plist */ = {isa = PBXFileReference; lastKnownFileType = text.plist.xml; path = Info.plist; sourceTree = "<group>"; };
/* End PBXFileReference section */

/* Begin PBXFrameworksBuildPhase section */
		3748F9F01E7997E20059BCFF /* Frameworks */ = {
			isa = PBXFrameworksBuildPhase;
			buildActionMask = 2147483647;
			files = (
			);
			runOnlyForDeploymentPostprocessing = 0;
		};
/* End PBXFrameworksBuildPhase section */

/* Begin PBXGroup section */
		3748F9EA1E7997E20059BCFF = {
			isa = PBXGroup;
			children = (
				3748F9F51E7997E20059BCFF /* Testing Firebase Login */,
				3748F9F41E7997E20059BCFF /* Products */,
			);
			sourceTree = "<group>";
		};
		3748F9F41E7997E20059BCFF /* Products */ = {
			isa = PBXGroup;
			children = (
				3748F9F31E7997E20059BCFF /* Testing Firebase Login.app */,
			);
			name = Products;
			sourceTree = "<group>";
		};
		3748F9F51E7997E20059BCFF /* Testing Firebase Login */ = {
			isa = PBXGroup;
			children = (
				3748F9F61E7997E20059BCFF /* AppDelegate.swift */,
				3748F9F81E7997E20059BCFF /* ViewController.swift */,
				3748F9FA1E7997E20059BCFF /* Main.storyboard */,
				3748F9FD1E7997E20059BCFF /* Assets.xcassets */,
				3748F9FF1E7997E20059BCFF /* LaunchScreen.storyboard */,
				3748FA021E7997E20059BCFF /* Info.plist */,
			);
			path = "Testing Firebase Login";
			sourceTree = "<group>";
		};
/* End PBXGroup section */

/* Begin PBXNativeTarget section */
		3748F9F21E7997E20059BCFF /* Testing Firebase Login */ = {
			isa = PBXNativeTarget;
			buildConfigurationList = 3748FA051E7997E20059BCFF /* Build configuration list for PBXNativeTarget "Testing Firebase Login" */;
			buildPhases = (
				3748F9EF1E7997E20059BCFF /* Sources */,
				3748F9F01E7997E20059BCFF /* Frameworks */,
				3748F9F11E7997E20059BCFF /* Resources */,
			);
			buildRules = (
			);
			dependencies = (
			);
			name = "Testing Firebase Login";
			productName = "Testing Firebase Login";
			productReference = 3748F9F31E7997E20059BCFF /* Testing Firebase Login.app */;
			productType = "com.apple.product-type.application";
		};
/* End PBXNativeTarget section */

/* Begin PBXProject section */
		3748F9EB1E7997E20059BCFF /* Project object */ = {
			isa = PBXProject;
			attributes = {
				LastSwiftUpdateCheck = 0820;
				LastUpgradeCheck = 0820;
				ORGANIZATIONNAME = Dan;
				TargetAttributes = {
					3748F9F21E7997E20059BCFF = {
						CreatedOnToolsVersion = 8.2.1;
						ProvisioningStyle = Automatic;
					};
				};
			};
			buildConfigurationList = 3748F9EE1E7997E20059BCFF /* Build configuration list for PBXProject "Testing Firebase Login" */;
			compatibilityVersion = "Xcode 3.2";
			developmentRegion = English;
			hasScannedForEncodings = 0;
			knownRegions = (
				en,
				Base,
			);
			mainGroup = 3748F9EA1E7997E20059BCFF;
			productRefGroup = 3748F9F41E7997E20059BCFF /* Products */;
			projectDirPath = "";
			projectRoot = "";
			targets = (
				3748F9F21E7997E20059BCFF /* Testing Firebase Login */,
			);
		};
/* End PBXProject section */

/* Begin PBXResourcesBuildPhase section */
		3748F9F11E7997E20059BCFF /* Resources */ = {
			isa = PBXResourcesBuildPhase;
			buildActionMask = 2147483647;
			files = (
				3748FA011E7997E20059BCFF /* LaunchScreen.storyboard in Resources */,
				3748F9FE1E7997E20059BCFF /* Assets.xcassets in Resources */,
				3748F9FC1E7997E20059BCFF /* Main.storyboard in Resources */,
			);
			runOnlyForDeploymentPostprocessing = 0;
		};
/* End PBXResourcesBuildPhase section */

/* Begin PBXSourcesBuildPhase section */
		3748F9EF1E7997E20059BCFF /* Sources */ = {
			isa = PBXSourcesBuildPhase;
			buildActionMask = 2147483647;
			files = (
				3748F9F91E7997E20059BCFF /* ViewController.swift in Sources */,
				3748F9F71E7997E20059BCFF /* AppDelegate.swift in Sources */,
			);
			runOnlyForDeploymentPostprocessing = 0;
		};
/* End PBXSourcesBuildPhase section */

/* Begin PBXVariantGroup section */
		3748F9FA1E7997E20059BCFF /* Main.storyboard */ = {
			isa = PBXVariantGroup;
			children = (
				3748F9FB1E7997E20059BCFF /* Base */,
			);
			name = Main.storyboard;
			sourceTree = "<group>";
		};
		3748F9FF1E7997E20059BCFF /* LaunchScreen.storyboard */ = {
			isa = PBXVariantGroup;
			children = (
				3748FA001E7997E20059BCFF /* Base */,
			);
			name = LaunchScreen.storyboard;
			sourceTree = "<group>";
		};
/* End PBXVariantGroup section */

/* Begin XCBuildConfiguration section */
		3748FA031E7997E20059BCFF /* Debug */ = {
			isa = XCBuildConfiguration;
			buildSettings = {
				ALWAYS_SEARCH_USER_PATHS = NO;
				CLANG_ANALYZER_NONNULL = YES;
				CLANG_CXX_LANGUAGE_STANDARD = "gnu++0x";
				CLANG_CXX_LIBRARY = "libc++";
				CLANG_ENABLE_MODULES = YES;
				CLANG_ENABLE_OBJC_ARC = YES;
				CLANG_WARN_BOOL_CONVERSION = YES;
				CLANG_WARN_CONSTANT_CONVERSION = YES;
				CLANG_WARN_DIRECT_OBJC_ISA_USAGE = YES_ERROR;
				CLANG_WARN_DOCUMENTATION_COMMENTS = YES;
				CLANG_WARN_EMPTY_BODY = YES;
				CLANG_WARN_ENUM_CONVERSION = YES;
				CLANG_WARN_INFINITE_RECURSION = YES;
				CLANG_WARN_INT_CONVERSION = YES;
				CLANG_WARN_OBJC_ROOT_CLASS = YES_ERROR;
				CLANG_WARN_SUSPICIOUS_MOVE = YES;
				CLANG_WARN_UNREACHABLE_CODE = YES;
				CLANG_WARN__DUPLICATE_METHOD_MATCH = YES;
				"CODE_SIGN_IDENTITY[sdk=iphoneos*]" = "iPhone Developer";
				COPY_PHASE_STRIP = NO;
				DEBUG_INFORMATION_FORMAT = dwarf;
				ENABLE_STRICT_OBJC_MSGSEND = YES;
				ENABLE_TESTABILITY = YES;
				GCC_C_LANGUAGE_STANDARD = gnu99;
				GCC_DYNAMIC_NO_PIC = NO;
				GCC_NO_COMMON_BLOCKS = YES;
				GCC_OPTIMIZATION_LEVEL = 0;
				GCC_PREPROCESSOR_DEFINITIONS = (
					"DEBUG=1",
					"$(inherited)",
				);
				GCC_WARN_64_TO_32_BIT_CONVERSION = YES;
				GCC_WARN_ABOUT_RETURN_TYPE = YES_ERROR;
				GCC_WARN_UNDECLARED_SELECTOR = YES;
				GCC_WARN_UNINITIALIZED_AUTOS = YES_AGGRESSIVE;
				GCC_WARN_UNUSED_FUNCTION = YES;
				GCC_WARN_UNUSED_VARIABLE = YES;
				IPHONEOS_DEPLOYMENT_TARGET = 10.2;
				MTL_ENABLE_DEBUG_INFO = YES;
				ONLY_ACTIVE_ARCH = YES;
				SDKROOT = iphoneos;
				SWIFT_ACTIVE_COMPILATION_CONDITIONS = DEBUG;
				SWIFT_OPTIMIZATION_LEVEL = "-Onone";
				TARGETED_DEVICE_FAMILY = "1,2";
			};
			name = Debug;
		};
		3748FA041E7997E20059BCFF /* Release */ = {
			isa = XCBuildConfiguration;
			buildSettings = {
				ALWAYS_SEARCH_USER_PATHS = NO;
				CLANG_ANALYZER_NONNULL = YES;
				CLANG_CXX_LANGUAGE_STANDARD = "gnu++0x";
				CLANG_CXX_LIBRARY = "libc++";
				CLANG_ENABLE_MODULES = YES;
				CLANG_ENABLE_OBJC_ARC = YES;
				CLANG_WARN_BOOL_CONVERSION = YES;
				CLANG_WARN_CONSTANT_CONVERSION = YES;
				CLANG_WARN_DIRECT_OBJC_ISA_USAGE = YES_ERROR;
				CLANG_WARN_DOCUMENTATION_COMMENTS = YES;
				CLANG_WARN_EMPTY_BODY = YES;
				CLANG_WARN_ENUM_CONVERSION = YES;
				CLANG_WARN_INFINITE_RECURSION = YES;
				CLANG_WARN_INT_CONVERSION = YES;
				CLANG_WARN_OBJC_ROOT_CLASS = YES_ERROR;
				CLANG_WARN_SUSPICIOUS_MOVE = YES;
				CLANG_WARN_UNREACHABLE_CODE = YES;
				CLANG_WARN__DUPLICATE_METHOD_MATCH = YES;
				"CODE_SIGN_IDENTITY[sdk=iphoneos*]" = "iPhone Developer";
				COPY_PHASE_STRIP = NO;
				DEBUG_INFORMATION_FORMAT = "dwarf-with-dsym";
				ENABLE_NS_ASSERTIONS = NO;
				ENABLE_STRICT_OBJC_MSGSEND = YES;
				GCC_C_LANGUAGE_STANDARD = gnu99;
				GCC_NO_COMMON_BLOCKS = YES;
				GCC_WARN_64_TO_32_BIT_CONVERSION = YES;
				GCC_WARN_ABOUT_RETURN_TYPE = YES_ERROR;
				GCC_WARN_UNDECLARED_SELECTOR = YES;
				GCC_WARN_UNINITIALIZED_AUTOS = YES_AGGRESSIVE;
				GCC_WARN_UNUSED_FUNCTION = YES;
				GCC_WARN_UNUSED_VARIABLE = YES;
				IPHONEOS_DEPLOYMENT_TARGET = 10.2;
				MTL_ENABLE_DEBUG_INFO = NO;
				SDKROOT = iphoneos;
				SWIFT_OPTIMIZATION_LEVEL = "-Owholemodule";
				TARGETED_DEVICE_FAMILY = "1,2";
				VALIDATE_PRODUCT = YES;
			};
			name = Release;
		};
		3748FA061E7997E20059BCFF /* Debug */ = {
			isa = XCBuildConfiguration;
			buildSettings = {
				ASSETCATALOG_COMPILER_APPICON_NAME = AppIcon;
				INFOPLIST_FILE = "Testing Firebase Login/Info.plist";
				LD_RUNPATH_SEARCH_PATHS = "$(inherited) @executable_path/Frameworks";
				PRODUCT_BUNDLE_IDENTIFIER = "Richmond.Testing-Firebase-Login";
				PRODUCT_NAME = "$(TARGET_NAME)";
				SWIFT_VERSION = 3.0;
			};
			name = Debug;
		};
		3748FA071E7997E20059BCFF /* Release */ = {
			isa = XCBuildConfiguration;
			buildSettings = {
				ASSETCATALOG_COMPILER_APPICON_NAME = AppIcon;
				INFOPLIST_FILE = "Testing Firebase Login/Info.plist";
				LD_RUNPATH_SEARCH_PATHS = "$(inherited) @executable_path/Frameworks";
				PRODUCT_BUNDLE_IDENTIFIER = "Richmond.Testing-Firebase-Login";
				PRODUCT_NAME = "$(TARGET_NAME)";
				SWIFT_VERSION = 3.0;
			};
			name = Release;
		};
/* End XCBuildConfiguration section */

/* Begin XCConfigurationList section */
		3748F9EE1E7997E20059BCFF /* Build configuration list for PBXProject "Testing Firebase Login" */ = {
			isa = XCConfigurationList;
			buildConfigurations = (
				3748FA031E7997E20059BCFF /* Debug */,
				3748FA041E7997E20059BCFF /* Release */,
			);
			defaultConfigurationIsVisible = 0;
			defaultConfigurationName = Release;
		};
		3748FA051E7997E20059BCFF /* Build configuration list for PBXNativeTarget "Testing Firebase Login" */ = {
			isa = XCConfigurationList;
			buildConfigurations = (
				3748FA061E7997E20059BCFF /* Debug */,
				3748FA071E7997E20059BCFF /* Release */,
			);
			defaultConfigurationIsVisible = 0;
		};
/* End XCConfigurationList section */
	};
	rootObject = 3748F9EB1E7997E20059BCFF /* Project object */;
}
